# THIS IS AN AUTOGENERATED FILE. DO NOT EDIT THIS FILE DIRECTLY.
# yarn lockfile v1


"@colors/colors@1.6.0", "@colors/colors@^1.6.0":
  version "1.6.0"
  resolved "https://registry.yarnpkg.com/@colors/colors/-/colors-1.6.0.tgz#ec6cd237440700bc23ca23087f513c75508958b0"
  integrity sha512-Ir+AOibqzrIsL6ajt3Rz3LskB7OiMVHqltZmspbW/TJuTVuyOMirVqAkjfY6JISiLHgyNqicAC8AyHHGzNd/dA==

"@dabh/diagnostics@^2.0.2":
  version "2.0.3"
  resolved "https://registry.yarnpkg.com/@dabh/diagnostics/-/diagnostics-2.0.3.tgz#7f7e97ee9a725dffc7808d93668cc984e1dc477a"
  integrity sha512-hrlQOIi7hAfzsMqlGSFyVucrx38O+j6wiGOf//H2ecvIEqYN4ADBSS2iLMh5UFyDunCNniUIPk/q3riFv45xRA==
  dependencies:
    colorspace "1.1.x"
    enabled "2.0.x"
    kuler "^2.0.0"

"@esbuild/aix-ppc64@0.19.11":
  version "0.19.11"
  resolved "https://registry.yarnpkg.com/@esbuild/aix-ppc64/-/aix-ppc64-0.19.11.tgz#2acd20be6d4f0458bc8c784103495ff24f13b1d3"
  integrity sha512-FnzU0LyE3ySQk7UntJO4+qIiQgI7KoODnZg5xzXIrFJlKd2P2gwHsHY4927xj9y5PJmJSzULiUCWmv7iWnNa7g==

"@esbuild/android-arm64@0.19.11":
  version "0.19.11"
  resolved "https://registry.yarnpkg.com/@esbuild/android-arm64/-/android-arm64-0.19.11.tgz#b45d000017385c9051a4f03e17078abb935be220"
  integrity sha512-aiu7K/5JnLj//KOnOfEZ0D90obUkRzDMyqd/wNAUQ34m4YUPVhRZpnqKV9uqDGxT7cToSDnIHsGooyIczu9T+Q==

"@esbuild/android-arm@0.19.11":
  version "0.19.11"
  resolved "https://registry.yarnpkg.com/@esbuild/android-arm/-/android-arm-0.19.11.tgz#f46f55414e1c3614ac682b29977792131238164c"
  integrity sha512-5OVapq0ClabvKvQ58Bws8+wkLCV+Rxg7tUVbo9xu034Nm536QTII4YzhaFriQ7rMrorfnFKUsArD2lqKbFY4vw==

"@esbuild/android-x64@0.19.11":
  version "0.19.11"
  resolved "https://registry.yarnpkg.com/@esbuild/android-x64/-/android-x64-0.19.11.tgz#bfc01e91740b82011ef503c48f548950824922b2"
  integrity sha512-eccxjlfGw43WYoY9QgB82SgGgDbibcqyDTlk3l3C0jOVHKxrjdc9CTwDUQd0vkvYg5um0OH+GpxYvp39r+IPOg==

"@esbuild/darwin-arm64@0.19.11":
  version "0.19.11"
  resolved "https://registry.yarnpkg.com/@esbuild/darwin-arm64/-/darwin-arm64-0.19.11.tgz#533fb7f5a08c37121d82c66198263dcc1bed29bf"
  integrity sha512-ETp87DRWuSt9KdDVkqSoKoLFHYTrkyz2+65fj9nfXsaV3bMhTCjtQfw3y+um88vGRKRiF7erPrh/ZuIdLUIVxQ==

"@esbuild/darwin-x64@0.19.11":
  version "0.19.11"
  resolved "https://registry.yarnpkg.com/@esbuild/darwin-x64/-/darwin-x64-0.19.11.tgz#62f3819eff7e4ddc656b7c6815a31cf9a1e7d98e"
  integrity sha512-fkFUiS6IUK9WYUO/+22omwetaSNl5/A8giXvQlcinLIjVkxwTLSktbF5f/kJMftM2MJp9+fXqZ5ezS7+SALp4g==

"@esbuild/freebsd-arm64@0.19.11":
  version "0.19.11"
  resolved "https://registry.yarnpkg.com/@esbuild/freebsd-arm64/-/freebsd-arm64-0.19.11.tgz#d478b4195aa3ca44160272dab85ef8baf4175b4a"
  integrity sha512-lhoSp5K6bxKRNdXUtHoNc5HhbXVCS8V0iZmDvyWvYq9S5WSfTIHU2UGjcGt7UeS6iEYp9eeymIl5mJBn0yiuxA==

"@esbuild/freebsd-x64@0.19.11":
  version "0.19.11"
  resolved "https://registry.yarnpkg.com/@esbuild/freebsd-x64/-/freebsd-x64-0.19.11.tgz#7bdcc1917409178257ca6a1a27fe06e797ec18a2"
  integrity sha512-JkUqn44AffGXitVI6/AbQdoYAq0TEullFdqcMY/PCUZ36xJ9ZJRtQabzMA+Vi7r78+25ZIBosLTOKnUXBSi1Kw==

"@esbuild/linux-arm64@0.19.11":
  version "0.19.11"
  resolved "https://registry.yarnpkg.com/@esbuild/linux-arm64/-/linux-arm64-0.19.11.tgz#58ad4ff11685fcc735d7ff4ca759ab18fcfe4545"
  integrity sha512-LneLg3ypEeveBSMuoa0kwMpCGmpu8XQUh+mL8XXwoYZ6Be2qBnVtcDI5azSvh7vioMDhoJFZzp9GWp9IWpYoUg==

"@esbuild/linux-arm@0.19.11":
  version "0.19.11"
  resolved "https://registry.yarnpkg.com/@esbuild/linux-arm/-/linux-arm-0.19.11.tgz#ce82246d873b5534d34de1e5c1b33026f35e60e3"
  integrity sha512-3CRkr9+vCV2XJbjwgzjPtO8T0SZUmRZla+UL1jw+XqHZPkPgZiyWvbDvl9rqAN8Zl7qJF0O/9ycMtjU67HN9/Q==

"@esbuild/linux-ia32@0.19.11":
  version "0.19.11"
  resolved "https://registry.yarnpkg.com/@esbuild/linux-ia32/-/linux-ia32-0.19.11.tgz#cbae1f313209affc74b80f4390c4c35c6ab83fa4"
  integrity sha512-caHy++CsD8Bgq2V5CodbJjFPEiDPq8JJmBdeyZ8GWVQMjRD0sU548nNdwPNvKjVpamYYVL40AORekgfIubwHoA==

"@esbuild/linux-loong64@0.19.11":
  version "0.19.11"
  resolved "https://registry.yarnpkg.com/@esbuild/linux-loong64/-/linux-loong64-0.19.11.tgz#5f32aead1c3ec8f4cccdb7ed08b166224d4e9121"
  integrity sha512-ppZSSLVpPrwHccvC6nQVZaSHlFsvCQyjnvirnVjbKSHuE5N24Yl8F3UwYUUR1UEPaFObGD2tSvVKbvR+uT1Nrg==

"@esbuild/linux-mips64el@0.19.11":
  version "0.19.11"
  resolved "https://registry.yarnpkg.com/@esbuild/linux-mips64el/-/linux-mips64el-0.19.11.tgz#38eecf1cbb8c36a616261de858b3c10d03419af9"
  integrity sha512-B5x9j0OgjG+v1dF2DkH34lr+7Gmv0kzX6/V0afF41FkPMMqaQ77pH7CrhWeR22aEeHKaeZVtZ6yFwlxOKPVFyg==

"@esbuild/linux-ppc64@0.19.11":
  version "0.19.11"
  resolved "https://registry.yarnpkg.com/@esbuild/linux-ppc64/-/linux-ppc64-0.19.11.tgz#9c5725a94e6ec15b93195e5a6afb821628afd912"
  integrity sha512-MHrZYLeCG8vXblMetWyttkdVRjQlQUb/oMgBNurVEnhj4YWOr4G5lmBfZjHYQHHN0g6yDmCAQRR8MUHldvvRDA==

"@esbuild/linux-riscv64@0.19.11":
  version "0.19.11"
  resolved "https://registry.yarnpkg.com/@esbuild/linux-riscv64/-/linux-riscv64-0.19.11.tgz#2dc4486d474a2a62bbe5870522a9a600e2acb916"
  integrity sha512-f3DY++t94uVg141dozDu4CCUkYW+09rWtaWfnb3bqe4w5NqmZd6nPVBm+qbz7WaHZCoqXqHz5p6CM6qv3qnSSQ==

"@esbuild/linux-s390x@0.19.11":
  version "0.19.11"
  resolved "https://registry.yarnpkg.com/@esbuild/linux-s390x/-/linux-s390x-0.19.11.tgz#4ad8567df48f7dd4c71ec5b1753b6f37561a65a8"
  integrity sha512-A5xdUoyWJHMMlcSMcPGVLzYzpcY8QP1RtYzX5/bS4dvjBGVxdhuiYyFwp7z74ocV7WDc0n1harxmpq2ePOjI0Q==

"@esbuild/linux-x64@0.19.11":
  version "0.19.11"
  resolved "https://registry.yarnpkg.com/@esbuild/linux-x64/-/linux-x64-0.19.11.tgz#b7390c4d5184f203ebe7ddaedf073df82a658766"
  integrity sha512-grbyMlVCvJSfxFQUndw5mCtWs5LO1gUlwP4CDi4iJBbVpZcqLVT29FxgGuBJGSzyOxotFG4LoO5X+M1350zmPA==

"@esbuild/netbsd-x64@0.19.11":
  version "0.19.11"
  resolved "https://registry.yarnpkg.com/@esbuild/netbsd-x64/-/netbsd-x64-0.19.11.tgz#d633c09492a1721377f3bccedb2d821b911e813d"
  integrity sha512-13jvrQZJc3P230OhU8xgwUnDeuC/9egsjTkXN49b3GcS5BKvJqZn86aGM8W9pd14Kd+u7HuFBMVtrNGhh6fHEQ==

"@esbuild/openbsd-x64@0.19.11":
  version "0.19.11"
  resolved "https://registry.yarnpkg.com/@esbuild/openbsd-x64/-/openbsd-x64-0.19.11.tgz#17388c76e2f01125bf831a68c03a7ffccb65d1a2"
  integrity sha512-ysyOGZuTp6SNKPE11INDUeFVVQFrhcNDVUgSQVDzqsqX38DjhPEPATpid04LCoUr2WXhQTEZ8ct/EgJCUDpyNw==

"@esbuild/sunos-x64@0.19.11":
  version "0.19.11"
  resolved "https://registry.yarnpkg.com/@esbuild/sunos-x64/-/sunos-x64-0.19.11.tgz#e320636f00bb9f4fdf3a80e548cb743370d41767"
  integrity sha512-Hf+Sad9nVwvtxy4DXCZQqLpgmRTQqyFyhT3bZ4F2XlJCjxGmRFF0Shwn9rzhOYRB61w9VMXUkxlBy56dk9JJiQ==

"@esbuild/win32-arm64@0.19.11":
  version "0.19.11"
  resolved "https://registry.yarnpkg.com/@esbuild/win32-arm64/-/win32-arm64-0.19.11.tgz#c778b45a496e90b6fc373e2a2bb072f1441fe0ee"
  integrity sha512-0P58Sbi0LctOMOQbpEOvOL44Ne0sqbS0XWHMvvrg6NE5jQ1xguCSSw9jQeUk2lfrXYsKDdOe6K+oZiwKPilYPQ==

"@esbuild/win32-ia32@0.19.11":
  version "0.19.11"
  resolved "https://registry.yarnpkg.com/@esbuild/win32-ia32/-/win32-ia32-0.19.11.tgz#481a65fee2e5cce74ec44823e6b09ecedcc5194c"
  integrity sha512-6YOrWS+sDJDmshdBIQU+Uoyh7pQKrdykdefC1avn76ss5c+RN6gut3LZA4E2cH5xUEp5/cA0+YxRaVtRAb0xBg==

"@esbuild/win32-x64@0.19.11":
  version "0.19.11"
  resolved "https://registry.yarnpkg.com/@esbuild/win32-x64/-/win32-x64-0.19.11.tgz#a5d300008960bb39677c46bf16f53ec70d8dee04"
  integrity sha512-vfkhltrjCAb603XaFhqhAF4LGDi2M4OrCRrFusyQ+iTLQ/o60QQXxc9cZC/FFpihBI9N1Grn6SMKVJ4KP7Fuiw==

"@hotwired/stimulus@^3.2.2":
  version "3.2.2"
  resolved "https://registry.yarnpkg.com/@hotwired/stimulus/-/stimulus-3.2.2.tgz#071aab59c600fed95b97939e605ff261a4251608"
  integrity sha512-eGeIqNOQpXoPAIP7tC1+1Yc1yl1xnwYqg+3mzqxyrbE5pg5YFBZcA6YoTiByJB6DKAEsiWtl6tjTJS4IYtbB7A==

"@hotwired/turbo-rails@^8.0.0-beta.2":
  version "8.0.0-beta.2"
  resolved "https://registry.yarnpkg.com/@hotwired/turbo-rails/-/turbo-rails-8.0.0-beta.2.tgz#691f8e05ad97f4c192953c4d14d5c288badb3498"
  integrity sha512-t/e2FvOrhkDOWygsxqJ/drCz74j16hfq3wobzST9qFp7wBZXbGuw0dxB7sPpC+4I9s726KKR5ZaN+D8zaaGfPg==
  dependencies:
    "@hotwired/turbo" "^8.0.0-beta.2"
    "@rails/actioncable" "^7.0"

"@hotwired/turbo@^8.0.0-beta.2":
  version "8.0.0-beta.2"
  resolved "https://registry.yarnpkg.com/@hotwired/turbo/-/turbo-8.0.0-beta.2.tgz#f9d01a0ca788ed5bf78a1746e06c3244af2b7535"
  integrity sha512-Ewdz4m+rlBXiqU8hXC9qjrA6/gaYlwUWbab8M/+/PW3KEoZ36pqvLt4l7wEXELPk699bRXVFS08mt3icJ0idfg==

"@rails/actioncable@^7.0":
  version "7.1.2"
  resolved "https://registry.yarnpkg.com/@rails/actioncable/-/actioncable-7.1.2.tgz#d261ff4b72844f5af496671346ec478798f4ac2c"
  integrity sha512-KGziTZfbmGm8/fHOpj515xupbYU+49hsp4etfdpoDJ/CEY2bRZR0cyFcJkpK6n0t/sxOHNWY6bo9vSgXZvT7Mg==

"@types/triple-beam@^1.3.2":
  version "1.3.5"
  resolved "https://registry.yarnpkg.com/@types/triple-beam/-/triple-beam-1.3.5.tgz#74fef9ffbaa198eb8b588be029f38b00299caa2c"
  integrity sha512-6WaYesThRMCl19iryMYP7/x2OVgCtbIVflDGFpWnb9irXI3UjYE4AzmYuiUKY1AJstGijoY+MgUszMgRxIYTYw==

async@^3.2.3:
  version "3.2.5"
  resolved "https://registry.yarnpkg.com/async/-/async-3.2.5.tgz#ebd52a8fdaf7a2289a24df399f8d8485c8a46b66"
  integrity sha512-baNZyqaaLhyLVKm/DlvdW051MSgO6b8eVfIezl9E5PqWxFgzLm/wQntEW4zOytVburDEr0JlALEpdOFwvErLsg==

"build@esbuild app/javascript/*.* --bundle --sourcemap --outdir=app/assets/builds --public-path=assets --target=esnext --loader:.png=file --loader:.js=jsx --loader:.ts=tsx":
  version "0.1.4"
  resolved "https://registry.yarnpkg.com/build/-/build-0.1.4.tgz#707fe026ffceddcacbfdcdf356eafda64f151046"
  integrity sha512-KwbDJ/zrsU8KZRRMfoURG14cKIAStUlS8D5jBDvtrZbwO5FEkYqc3oB8HIhRiyD64A48w1lc+sOmQ+mmBw5U/Q==
  dependencies:
    cssmin "0.3.x"
    jsmin "1.x"
    jxLoader "*"
    moo-server "*"
    promised-io "*"
    timespan "2.x"
    uglify-js "1.x"
    walker "1.x"
    winston "*"
    wrench "1.3.x"

color-convert@^1.9.3:
  version "1.9.3"
  resolved "https://registry.yarnpkg.com/color-convert/-/color-convert-1.9.3.tgz#bb71850690e1f136567de629d2d5471deda4c1e8"
  integrity sha512-QfAUtd+vFdAtFQcC8CCyYt1fYWxSqAiK2cSD6zDB8N3cpsEBAvRxp9zOGg6G/SHHJYAT88/az/IuDGALsNVbGg==
  dependencies:
    color-name "1.1.3"

color-name@1.1.3:
  version "1.1.3"
  resolved "https://registry.yarnpkg.com/color-name/-/color-name-1.1.3.tgz#a7d0558bd89c42f795dd42328f740831ca53bc25"
  integrity sha512-72fSenhMw2HZMTVHeCA9KCmpEIbzWiQsjN+BHcBbS9vr1mtt+vJjPdksIBNUmKAW8TFUDPJK5SUU3QhE9NEXDw==

color-name@^1.0.0:
  version "1.1.4"
  resolved "https://registry.yarnpkg.com/color-name/-/color-name-1.1.4.tgz#c2a09a87acbde69543de6f63fa3995c826c536a2"
  integrity sha512-dOy+3AuW3a2wNbZHIuMZpTcgjGuLU/uBL/ubcZF9OXbDo8ff4O8yVp5Bf0efS8uEoYo5q4Fx7dY9OgQGXgAsQA==

color-string@^1.6.0:
  version "1.9.1"
  resolved "https://registry.yarnpkg.com/color-string/-/color-string-1.9.1.tgz#4467f9146f036f855b764dfb5bf8582bf342c7a4"
  integrity sha512-shrVawQFojnZv6xM40anx4CkoDP+fZsw/ZerEMsW/pyzsRbElpsL/DBVW7q3ExxwusdNXI3lXpuhEZkzs8p5Eg==
  dependencies:
    color-name "^1.0.0"
    simple-swizzle "^0.2.2"

color@^3.1.3:
  version "3.2.1"
  resolved "https://registry.yarnpkg.com/color/-/color-3.2.1.tgz#3544dc198caf4490c3ecc9a790b54fe9ff45e164"
  integrity sha512-aBl7dZI9ENN6fUGC7mWpMTPNHmWUSNan9tuWN6ahh5ZLNk9baLJOnSMlrQkHcrfFgz2/RigjUVAjdx36VcemKA==
  dependencies:
    color-convert "^1.9.3"
    color-string "^1.6.0"

colorspace@1.1.x:
  version "1.1.4"
  resolved "https://registry.yarnpkg.com/colorspace/-/colorspace-1.1.4.tgz#8d442d1186152f60453bf8070cd66eb364e59243"
  integrity sha512-BgvKJiuVu1igBUF2kEjRCZXol6wiiGbY5ipL/oVPwm0BL9sIpMIzM8IK7vwuxIIzOXMV3Ey5w+vxhm0rR/TN8w==
  dependencies:
    color "^3.1.3"
    text-hex "1.0.x"

cssmin@0.3.x:
  version "0.3.2"
  resolved "https://registry.yarnpkg.com/cssmin/-/cssmin-0.3.2.tgz#ddce4c547b510ae0d594a8f1fbf8aaf8e2c5c00d"
  integrity sha512-bynxGIAJ8ybrnFobjsQotIjA8HFDDgPwbeUWNXXXfR+B4f9kkxdcUyagJoQCSUOfMV+ZZ6bMn8bvbozlCzUGwQ==

enabled@2.0.x:
  version "2.0.0"
  resolved "https://registry.yarnpkg.com/enabled/-/enabled-2.0.0.tgz#f9dd92ec2d6f4bbc0d5d1e64e21d61cd4665e7c2"
  integrity sha512-AKrN98kuwOzMIdAizXGI86UFBoo26CL21UM763y1h/GMSJ4/OHU9k2YlsmBpyScFo/wbLzWQJBMCW4+IO3/+OQ==

esbuild@^0.19.11:
  version "0.19.11"
  resolved "https://registry.yarnpkg.com/esbuild/-/esbuild-0.19.11.tgz#4a02dca031e768b5556606e1b468fe72e3325d96"
  integrity sha512-HJ96Hev2hX/6i5cDVwcqiJBBtuo9+FeIJOtZ9W1kA5M6AMJRHUZlpYZ1/SbEwtO0ioNAW8rUooVpC/WehY2SfA==
  optionalDependencies:
    "@esbuild/aix-ppc64" "0.19.11"
    "@esbuild/android-arm" "0.19.11"
    "@esbuild/android-arm64" "0.19.11"
    "@esbuild/android-x64" "0.19.11"
    "@esbuild/darwin-arm64" "0.19.11"
    "@esbuild/darwin-x64" "0.19.11"
    "@esbuild/freebsd-arm64" "0.19.11"
    "@esbuild/freebsd-x64" "0.19.11"
    "@esbuild/linux-arm" "0.19.11"
    "@esbuild/linux-arm64" "0.19.11"
    "@esbuild/linux-ia32" "0.19.11"
    "@esbuild/linux-loong64" "0.19.11"
    "@esbuild/linux-mips64el" "0.19.11"
    "@esbuild/linux-ppc64" "0.19.11"
    "@esbuild/linux-riscv64" "0.19.11"
    "@esbuild/linux-s390x" "0.19.11"
    "@esbuild/linux-x64" "0.19.11"
    "@esbuild/netbsd-x64" "0.19.11"
    "@esbuild/openbsd-x64" "0.19.11"
    "@esbuild/sunos-x64" "0.19.11"
    "@esbuild/win32-arm64" "0.19.11"
    "@esbuild/win32-ia32" "0.19.11"
    "@esbuild/win32-x64" "0.19.11"

fecha@^4.2.0:
  version "4.2.3"
  resolved "https://registry.yarnpkg.com/fecha/-/fecha-4.2.3.tgz#4d9ccdbc61e8629b259fdca67e65891448d569fd"
  integrity sha512-OP2IUU6HeYKJi3i0z4A19kHMQoLVs4Hc+DPqqxI2h/DPZHTm/vjsfC6P0b4jCMy14XizLBqvndQ+UilD7707Jw==

fn.name@1.x.x:
  version "1.1.0"
  resolved "https://registry.yarnpkg.com/fn.name/-/fn.name-1.1.0.tgz#26cad8017967aea8731bc42961d04a3d5988accc"
  integrity sha512-GRnmB5gPyJpAhTQdSZTSp9uaPSvl09KoYcMQtsB9rQoOmzs9dH6ffeccH+Z+cv6P68Hu5bC6JjRh4Ah/mHSNRw==

inherits@^2.0.3:
  version "2.0.4"
  resolved "https://registry.yarnpkg.com/inherits/-/inherits-2.0.4.tgz#0fa2c64f932917c3433a0ded55363aae37416b7c"
  integrity sha512-k/vGaX4/Yla3WzyMCvTQOXYeIHvqOKtnqBduzTHpzpQZzAskKMhZ2K+EnBiSM9zGSoIFeMpXKxa4dYeZIQqewQ==

is-arrayish@^0.3.1:
  version "0.3.2"
  resolved "https://registry.yarnpkg.com/is-arrayish/-/is-arrayish-0.3.2.tgz#4574a2ae56f7ab206896fb431eaeed066fdf8f03"
  integrity sha512-eVRqCvVlZbuw3GrM63ovNSNAeA1K16kaR/LRY/92w0zxQ5/1YzwblUX652i4Xs9RwAGjW9d9y6X88t8OaAJfWQ==

is-stream@^2.0.0:
  version "2.0.1"
  resolved "https://registry.yarnpkg.com/is-stream/-/is-stream-2.0.1.tgz#fac1e3d53b97ad5a9d0ae9cef2389f5810a5c077"
  integrity sha512-hFoiJiTl63nn+kstHGBtewWSKnQLpyb155KHheA1l39uvtO9nWIop1p3udqPcUd/xbF1VLMO4n7OI6p7RbngDg==

"js-tokens@^3.0.0 || ^4.0.0":
  version "4.0.0"
  resolved "https://registry.yarnpkg.com/js-tokens/-/js-tokens-4.0.0.tgz#19203fb59991df98e3a287050d4647cdeaf32499"
  integrity sha512-RdJUflcE3cUzKiMqQgsCu06FPu9UdIJO0beYbPhHN4k6apgJtifcoCtT9bcxOpYBtpD2kCM6Sbzg4CausW/PKQ==

js-yaml@0.3.x:
  version "0.3.7"
  resolved "https://registry.yarnpkg.com/js-yaml/-/js-yaml-0.3.7.tgz#d739d8ee86461e54b354d6a7d7d1f2ad9a167f62"
  integrity sha512-/7PsVDNP2tVe2Z1cF9kTEkjamIwz4aooDpRKmN1+g/9eePCgcxsv4QDvEbxO0EH+gdDD7MLyDoR6BASo3hH51g==

jsmin@1.x:
  version "1.0.1"
  resolved "https://registry.yarnpkg.com/jsmin/-/jsmin-1.0.1.tgz#e7bd0dcd6496c3bf4863235bf461a3d98aa3b98c"
  integrity sha512-OPuL5X/bFKgVdMvEIX3hnpx3jbVpFCrEM8pKPXjFkZUqg521r41ijdyTz7vACOhW6o1neVlcLyd+wkbK5fNHRg==

jxLoader@*:
  version "0.1.1"
  resolved "https://registry.yarnpkg.com/jxLoader/-/jxLoader-0.1.1.tgz#0134ea5144e533b594fc1ff25ff194e235c53ecd"
  integrity sha512-ClEvAj3K68y8uKhub3RgTmcRPo5DfIWvtxqrKQdDPyZ1UVHIIKvVvjrAsJFSVL5wjv0rt5iH9SMCZ0XRKNzeUA==
  dependencies:
    js-yaml "0.3.x"
    moo-server "1.3.x"
    promised-io "*"
    walker "1.x"

kuler@^2.0.0:
  version "2.0.0"
  resolved "https://registry.yarnpkg.com/kuler/-/kuler-2.0.0.tgz#e2c570a3800388fb44407e851531c1d670b061b3"
  integrity sha512-Xq9nH7KlWZmXAtodXDDRE7vs6DU1gTU8zYDHDiWLSip45Egwq3plLHzPn27NgvzL2r1LMPC1vdqh98sQxtqj4A==

logform@^2.3.2, logform@^2.4.0:
  version "2.6.0"
  resolved "https://registry.yarnpkg.com/logform/-/logform-2.6.0.tgz#8c82a983f05d6eaeb2d75e3decae7a768b2bf9b5"
  integrity sha512-1ulHeNPp6k/LD8H91o7VYFBng5i1BDE7HoKxVbZiGFidS1Rj65qcywLxX+pVfAPoQJEjRdvKcusKwOupHCVOVQ==
  dependencies:
    "@colors/colors" "1.6.0"
    "@types/triple-beam" "^1.3.2"
    fecha "^4.2.0"
    ms "^2.1.1"
    safe-stable-stringify "^2.3.1"
    triple-beam "^1.3.0"

loose-envify@^1.1.0:
  version "1.4.0"
  resolved "https://registry.yarnpkg.com/loose-envify/-/loose-envify-1.4.0.tgz#71ee51fa7be4caec1a63839f7e682d8132d30caf"
  integrity sha512-lyuxPGr/Wfhrlem2CL/UcnUc1zcqKAImBDzukY7Y5F/yQiNdko6+fRLevlw1HgMySw7f611UIY408EtxRSoK3Q==
  dependencies:
    js-tokens "^3.0.0 || ^4.0.0"

makeerror@1.0.12:
  version "1.0.12"
  resolved "https://registry.yarnpkg.com/makeerror/-/makeerror-1.0.12.tgz#3e5dd2079a82e812e983cc6610c4a2cb0eaa801a"
  integrity sha512-JmqCvUhmt43madlpFzG4BQzG2Z3m6tvQDNKdClZnO3VbIudJYmxsT0FNJMeiB2+JTSlTQTSbU8QdesVmwJcmLg==
  dependencies:
    tmpl "1.0.5"

moo-server@*, moo-server@1.3.x:
  version "1.3.0"
  resolved "https://registry.yarnpkg.com/moo-server/-/moo-server-1.3.0.tgz#5dc79569565a10d6efed5439491e69d2392e58f1"
  integrity sha512-9A8/eor2DXwpv1+a4pZAAydqLFVrWoKoO1fzdzqLUhYVXAO1Kgd1FR2gFZi7YdHzF0s4W8cDNwCfKJQrvLqxDw==

ms@^2.1.1:
  version "2.1.3"
  resolved "https://registry.yarnpkg.com/ms/-/ms-2.1.3.tgz#574c8138ce1d2b5861f0b44579dbadd60c6615b2"
  integrity sha512-6FlzubTLZG3J2a/NVCAleEhjzq5oxgHyaCU9yYXvcLsvoVaHJq/s5xXI6/XXP6tz7R9xAOtHnSO/tXtF3WRTlA==

one-time@^1.0.0:
  version "1.0.0"
  resolved "https://registry.yarnpkg.com/one-time/-/one-time-1.0.0.tgz#e06bc174aed214ed58edede573b433bbf827cb45"
  integrity sha512-5DXOiRKwuSEcQ/l0kGCF6Q3jcADFv5tSmRaJck/OqkVFcOzutB134KRSfF0xDrL39MNnqxbHBbUUcjZIhTgb2g==
  dependencies:
    fn.name "1.x.x"

promised-io@*:
  version "0.3.6"
  resolved "https://registry.yarnpkg.com/promised-io/-/promised-io-0.3.6.tgz#04c0fea80772f7091dca0f114e30b3e3f7650126"
  integrity sha512-bNwZusuNIW4m0SPR8jooSyndD35ggirHlxVl/UhIaZD/F0OBv9ebfc6tNmbpZts3QXHggkjIBH8lvtnzhtcz0A==

react-dom@^18.2.0:
  version "18.2.0"
  resolved "https://registry.yarnpkg.com/react-dom/-/react-dom-18.2.0.tgz#22aaf38708db2674ed9ada224ca4aa708d821e3d"
  integrity sha512-6IMTriUmvsjHUjNtEDudZfuDQUoWXVxKHhlEGSk81n4YFS+r/Kl99wXiwlVXtPBtJenozv2P+hxDsw9eA7Xo6g==
  dependencies:
    loose-envify "^1.1.0"
    scheduler "^0.23.0"

react@^18.2.0:
  version "18.2.0"
  resolved "https://registry.yarnpkg.com/react/-/react-18.2.0.tgz#555bd98592883255fa00de14f1151a917b5d77d5"
  integrity sha512-/3IjMdb2L9QbBdWiW5e3P2/npwMBaU9mHCSCUzNln0ZCYbcfTsGbTJrU/kGemdH2IWmB2ioZ+zkxtmq6g09fGQ==
  dependencies:
    loose-envify "^1.1.0"

readable-stream@^3.4.0, readable-stream@^3.6.0:
  version "3.6.2"
  resolved "https://registry.yarnpkg.com/readable-stream/-/readable-stream-3.6.2.tgz#56a9b36ea965c00c5a93ef31eb111a0f11056967"
  integrity sha512-9u/sniCrY3D5WdsERHzHE4G2YCXqoG5FTHUiCC4SIbr6XcLZBY05ya9EKjYek9O5xOAwjGq+1JdGBAS7Q9ScoA==
  dependencies:
    inherits "^2.0.3"
    string_decoder "^1.1.1"
    util-deprecate "^1.0.1"

safe-buffer@~5.2.0:
  version "5.2.1"
  resolved "https://registry.yarnpkg.com/safe-buffer/-/safe-buffer-5.2.1.tgz#1eaf9fa9bdb1fdd4ec75f58f9cdb4e6b7827eec6"
  integrity sha512-rp3So07KcdmmKbGvgaNxQSJr7bGVSVk5S9Eq1F+ppbRo70+YeaDxkw5Dd8NPN+GD6bjnYm2VuPuCXmpuYvmCXQ==

safe-stable-stringify@^2.3.1:
  version "2.4.3"
  resolved "https://registry.yarnpkg.com/safe-stable-stringify/-/safe-stable-stringify-2.4.3.tgz#138c84b6f6edb3db5f8ef3ef7115b8f55ccbf886"
  integrity sha512-e2bDA2WJT0wxseVd4lsDP4+3ONX6HpMXQa1ZhFQ7SU+GjvORCmShbCMltrtIDfkYhVHrOcPtj+KhmDBdPdZD1g==

scheduler@^0.23.0:
  version "0.23.0"
  resolved "https://registry.yarnpkg.com/scheduler/-/scheduler-0.23.0.tgz#ba8041afc3d30eb206a487b6b384002e4e61fdfe"
  integrity sha512-CtuThmgHNg7zIZWAXi3AsyIzA3n4xx7aNyjwC2VJldO2LMVDhFK+63xGqq6CsJH4rTAt6/M+N4GhZiDYPx9eUw==
  dependencies:
    loose-envify "^1.1.0"

simple-swizzle@^0.2.2:
  version "0.2.2"
  resolved "https://registry.yarnpkg.com/simple-swizzle/-/simple-swizzle-0.2.2.tgz#a4da6b635ffcccca33f70d17cb92592de95e557a"
  integrity sha512-JA//kQgZtbuY83m+xT+tXJkmJncGMTFT+C+g2h2R9uxkYIrE2yy9sgmcLhCnw57/WSD+Eh3J97FPEDFnbXnDUg==
  dependencies:
    is-arrayish "^0.3.1"

stack-trace@0.0.x:
  version "0.0.10"
  resolved "https://registry.yarnpkg.com/stack-trace/-/stack-trace-0.0.10.tgz#547c70b347e8d32b4e108ea1a2a159e5fdde19c0"
  integrity sha512-KGzahc7puUKkzyMt+IqAep+TVNbKP+k2Lmwhub39m1AsTSkaDutx56aDCo+HLDzf/D26BIHTJWNiTG1KAJiQCg==

string_decoder@^1.1.1:
  version "1.3.0"
  resolved "https://registry.yarnpkg.com/string_decoder/-/string_decoder-1.3.0.tgz#42f114594a46cf1a8e30b0a84f56c78c3edac21e"
  integrity sha512-hkRX8U1WjJFd8LsDJ2yQ/wWWxaopEsABU1XfkM8A+j0+85JAGppt16cr1Whg6KIbb4okU6Mql6BOj+uup/wKeA==
  dependencies:
    safe-buffer "~5.2.0"

text-hex@1.0.x:
  version "1.0.0"
  resolved "https://registry.yarnpkg.com/text-hex/-/text-hex-1.0.0.tgz#69dc9c1b17446ee79a92bf5b884bb4b9127506f5"
  integrity sha512-uuVGNWzgJ4yhRaNSiubPY7OjISw4sw4E5Uv0wbjp+OzcbmVU/rsT8ujgcXJhn9ypzsgr5vlzpPqP+MBBKcGvbg==

timespan@2.x:
  version "2.3.0"
  resolved "https://registry.yarnpkg.com/timespan/-/timespan-2.3.0.tgz#4902ce040bd13d845c8f59b27e9d59bad6f39929"
  integrity sha512-0Jq9+58T2wbOyLth0EU+AUb6JMGCLaTWIykJFa7hyAybjVH9gpVMTfUAwo5fWAvtFt2Tjh/Elg8JtgNpnMnM8g==

tmpl@1.0.5:
  version "1.0.5"
  resolved "https://registry.yarnpkg.com/tmpl/-/tmpl-1.0.5.tgz#8683e0b902bb9c20c4f726e3c0b69f36518c07cc"
  integrity sha512-3f0uOEAQwIqGuWW2MVzYg8fV/QNnc/IpuJNG837rLuczAaLVHslWHZQj4IGiEl5Hs3kkbhwL9Ab7Hrsmuj+Smw==

triple-beam@^1.3.0:
  version "1.4.1"
  resolved "https://registry.yarnpkg.com/triple-beam/-/triple-beam-1.4.1.tgz#6fde70271dc6e5d73ca0c3b24e2d92afb7441984"
  integrity sha512-aZbgViZrg1QNcG+LULa7nhZpJTZSLm/mXnHXnbAbjmN5aSa0y7V+wvv6+4WaBtpISJzThKy+PIPxc1Nq1EJ9mg==

uglify-js@1.x:
  version "1.3.5"
  resolved "https://registry.yarnpkg.com/uglify-js/-/uglify-js-1.3.5.tgz#4b5bfff9186effbaa888e4c9e94bd9fc4c94929d"
  integrity sha512-YPX1DjKtom8l9XslmPFQnqWzTBkvI4N0pbkzLuPZZ4QTyig0uQqvZz9NgUdfEV+qccJzi7fVcGWdESvRIjWptQ==

util-deprecate@^1.0.1:
  version "1.0.2"
  resolved "https://registry.yarnpkg.com/util-deprecate/-/util-deprecate-1.0.2.tgz#450d4dc9fa70de732762fbd2d4a28981419a0ccf"
  integrity sha512-EPD5q1uXyFxJpCrLnCc1nHnq3gOa6DZBocAIiI2TaSCA7VCJ1UJDMagCzIkXNsUYfD1daK//LTEQ8xiIbrHtcw==

walker@1.x:
  version "1.0.8"
  resolved "https://registry.yarnpkg.com/walker/-/walker-1.0.8.tgz#bd498db477afe573dc04185f011d3ab8a8d7653f"
  integrity sha512-ts/8E8l5b7kY0vlWLewOkDXMmPdLcVV4GmOQLyxuSswIJsweeFZtAsMF7k1Nszz+TYBQrlYRmzOnr398y1JemQ==
  dependencies:
    makeerror "1.0.12"

winston-transport@^4.5.0:
  version "4.6.0"
  resolved "https://registry.yarnpkg.com/winston-transport/-/winston-transport-4.6.0.tgz#f1c1a665ad1b366df72199e27892721832a19e1b"
  integrity sha512-wbBA9PbPAHxKiygo7ub7BYRiKxms0tpfU2ljtWzb3SjRjv5yl6Ozuy/TkXf00HTAt+Uylo3gSkNwzc4ME0wiIg==
  dependencies:
    logform "^2.3.2"
    readable-stream "^3.6.0"
    triple-beam "^1.3.0"

winston@*:
  version "3.11.0"
  resolved "https://registry.yarnpkg.com/winston/-/winston-3.11.0.tgz#2d50b0a695a2758bb1c95279f0a88e858163ed91"
  integrity sha512-L3yR6/MzZAOl0DsysUXHVjOwv8mKZ71TrA/41EIduGpOOV5LQVodqN+QdQ6BS6PJ/RdIshZhq84P/fStEZkk7g==
  dependencies:
    "@colors/colors" "^1.6.0"
    "@dabh/diagnostics" "^2.0.2"
    async "^3.2.3"
    is-stream "^2.0.0"
    logform "^2.4.0"
    one-time "^1.0.0"
    readable-stream "^3.4.0"
    safe-stable-stringify "^2.3.1"
    stack-trace "0.0.x"
    triple-beam "^1.3.0"
    winston-transport "^4.5.0"

wrench@1.3.x:
  version "1.3.9"
  resolved "https://registry.yarnpkg.com/wrench/-/wrench-1.3.9.tgz#6f13ec35145317eb292ca5f6531391b244111411"
  integrity sha512-srTJQmLTP5YtW+F5zDuqjMEZqLLr/eJOZfDI5ibfPfRMeDh3oBUefAscuH0q5wBKE339ptH/S/0D18ZkfOfmKQ==
